
Microsoft Visual Studio Solution File, Format Version 12.00
# Visual Studio Version 16
VisualStudioVersion = 16.0.31229.75
MinimumVisualStudioVersion = 10.0.40219.1
Project("{FAE04EC0-301F-11D3-BF4B-00C04F79EFBC}") = "anobymus objects", "anobymus objects.csproj", "{D7F01B91-B6B2-416B-AE60-500DBCDFCC84}"
EndProject
Global
	GlobalSection(SolutionConfigurationPlatforms) = preSolution
		Debug|Any CPU = Debug|Any CPU
		Release|Any CPU = Release|Any CPU
	EndGlobalSection
	GlobalSection(ProjectConfigurationPlatforms) = postSolution
		{D7F01B91-B6B2-416B-AE60-500DBCDFCC84}.Debug|Any CPU.ActiveCfg = Debug|Any CPU
		{D7F01B91-B6B2-416B-AE60-500DBCDFCC84}.Debug|Any CPU.Build.0 = Debug|Any CPU
		{D7F01B91-B6B2-416B-AE60-500DBCDFCC84}.Release|Any CPU.ActiveCfg = Release|Any CPU
		{D7F01B91-B6B2-416B-AE60-500DBCDFCC84}.Release|Any CPU.Build.0 = Release|Any CPU
	EndGlobalSection
	GlobalSection(SolutionProperties) = preSolution
		HideSolutionNode = FALSE
	EndGlobalSection
	GlobalSection(ExtensibilityGlobals) = postSolution
		SolutionGuid = {BD44D9A1-EC27-408A-8225-25AAA041DA4A}
	EndGlobalSection
EndGlobal
